PODS:
  - AppAuth (1.6.2):
    - AppAuth/Core (= 1.6.2)
    - AppAuth/ExternalUserAgent (= 1.6.2)
  - AppAuth/Core (1.6.2)
  - AppAuth/ExternalUserAgent (1.6.2):
    - AppAuth/Core
  - AppsFlyerFramework/Strict (6.10.1)
  - Base64 (1.1.2)
  - boost (1.76.0)
  - boost-for-react-native (1.63.0)
  - BranchSDK (2.1.0)
  - BVLinearGradient (2.6.2):
    - React-Core
  - CocoaAsyncSocket (7.6.5)
  - CocoaLibEvent (1.0.0)
  - CodePush (8.0.0):
    - Base64 (~> 1.1)
    - JWT (~> 3.0.0-beta.12)
    - React-Core
    - SSZipArchive (~> 2.2.2)
  - DoubleConversion (1.1.6)
  - FBAEMKit (15.0.0):
    - FBSDKCoreKit_Basics (= 15.0.0)
  - FBLazyVector (0.71.7)
  - FBReactNativeSpec (0.71.7):
    - RCT-Folly (= 2021.07.22.00)
    - RCTRequired (= 0.71.7)
    - RCTTypeSafety (= 0.71.7)
    - React-Core (= 0.71.7)
    - React-jsi (= 0.71.7)
    - ReactCommon/turbomodule/core (= 0.71.7)
  - FBSDKCoreKit (15.0.0):
    - FBAEMKit (= 15.0.0)
    - FBSDKCoreKit_Basics (= 15.0.0)
  - FBSDKCoreKit_Basics (15.0.0)
  - FBSDKGamingServicesKit (15.0.0):
    - FBSDKCoreKit (= 15.0.0)
    - FBSDKCoreKit_Basics (= 15.0.0)
    - FBSDKShareKit (= 15.0.0)
  - FBSDKLoginKit (15.0.0):
    - FBSDKCoreKit (= 15.0.0)
  - FBSDKShareKit (15.0.0):
    - FBSDKCoreKit (= 15.0.0)
  - Firebase/AnalyticsWithoutAdIdSupport (10.7.0):
    - Firebase/CoreOnly
    - FirebaseAnalytics/WithoutAdIdSupport (~> 10.7.0)
  - Firebase/CoreOnly (10.7.0):
    - FirebaseCore (= 10.7.0)
  - Firebase/Crashlytics (10.7.0):
    - Firebase/CoreOnly
    - FirebaseCrashlytics (~> 10.7.0)
  - Firebase/Messaging (10.7.0):
    - Firebase/CoreOnly
    - FirebaseMessaging (~> 10.7.0)
  - FirebaseAnalytics/WithoutAdIdSupport (10.7.0):
    - FirebaseCore (~> 10.0)
    - FirebaseInstallations (~> 10.0)
    - GoogleAppMeasurement/WithoutAdIdSupport (= 10.7.0)
    - GoogleUtilities/AppDelegateSwizzler (~> 7.8)
    - GoogleUtilities/MethodSwizzler (~> 7.8)
    - GoogleUtilities/Network (~> 7.8)
    - "GoogleUtilities/NSData+zlib (~> 7.8)"
    - nanopb (< 2.30910.0, >= 2.30908.0)
  - FirebaseCore (10.7.0):
    - FirebaseCoreInternal (~> 10.0)
    - GoogleUtilities/Environment (~> 7.8)
    - GoogleUtilities/Logger (~> 7.8)
  - FirebaseCoreExtension (10.7.0):
    - FirebaseCore (~> 10.0)
  - FirebaseCoreInternal (10.10.0):
    - "GoogleUtilities/NSData+zlib (~> 7.8)"
  - FirebaseCrashlytics (10.7.0):
    - FirebaseCore (~> 10.5)
    - FirebaseInstallations (~> 10.0)
    - FirebaseSessions (~> 10.5)
    - GoogleDataTransport (~> 9.2)
    - GoogleUtilities/Environment (~> 7.8)
    - nanopb (< 2.30910.0, >= 2.30908.0)
    - PromisesObjC (~> 2.1)
  - FirebaseInstallations (10.10.0):
    - FirebaseCore (~> 10.0)
    - GoogleUtilities/Environment (~> 7.8)
    - GoogleUtilities/UserDefaults (~> 7.8)
    - PromisesObjC (~> 2.1)
  - FirebaseMessaging (10.7.0):
    - FirebaseCore (~> 10.0)
    - FirebaseInstallations (~> 10.0)
    - GoogleDataTransport (~> 9.2)
    - GoogleUtilities/AppDelegateSwizzler (~> 7.8)
    - GoogleUtilities/Environment (~> 7.8)
    - GoogleUtilities/Reachability (~> 7.8)
    - GoogleUtilities/UserDefaults (~> 7.8)
    - nanopb (< 2.30910.0, >= 2.30908.0)
  - FirebaseSessions (10.10.0):
    - FirebaseCore (~> 10.5)
    - FirebaseCoreExtension (~> 10.0)
    - FirebaseInstallations (~> 10.0)
    - GoogleDataTransport (~> 9.2)
    - GoogleUtilities/Environment (~> 7.10)
    - nanopb (< 2.30910.0, >= 2.30908.0)
    - PromisesSwift (~> 2.1)
  - Flipper (0.73.0):
    - Flipper-Folly (~> 2.3)
    - Flipper-RSocket (~> 1.1)
  - Flipper-Boost-iOSX (1.76.0.1.11)
  - Flipper-DoubleConversion (3.2.0.1)
  - Flipper-Fmt (7.1.7)
  - Flipper-Folly (2.3.0):
    - boost-for-react-native
    - CocoaLibEvent (~> 1.0)
    - Flipper-DoubleConversion
    - Flipper-Glog
    - OpenSSL-Universal (= 1.0.2.20)
  - Flipper-Glog (0.5.0.5)
  - Flipper-PeerTalk (0.0.4)
  - Flipper-RSocket (1.1.1):
    - Flipper-Folly (~> 2.3)
  - FlipperKit (0.73.0):
    - FlipperKit/Core (= 0.73.0)
  - FlipperKit/Core (0.73.0):
    - Flipper (~> 0.73.0)
    - FlipperKit/CppBridge
    - FlipperKit/FBCxxFollyDynamicConvert
    - FlipperKit/FBDefines
    - FlipperKit/FKPortForwarding
  - FlipperKit/CppBridge (0.73.0):
    - Flipper (~> 0.73.0)
  - FlipperKit/FBCxxFollyDynamicConvert (0.73.0):
    - Flipper-Folly (~> 2.3)
  - FlipperKit/FBDefines (0.73.0)
  - FlipperKit/FKPortForwarding (0.73.0):
    - CocoaAsyncSocket (~> 7.6)
    - Flipper-PeerTalk (~> 0.0.4)
  - FlipperKit/FlipperKitHighlightOverlay (0.73.0)
  - FlipperKit/FlipperKitLayoutPlugin (0.73.0):
    - FlipperKit/Core
    - FlipperKit/FlipperKitHighlightOverlay
    - FlipperKit/FlipperKitLayoutTextSearchable
    - YogaKit (~> 1.18)
  - FlipperKit/FlipperKitLayoutTextSearchable (0.73.0)
  - FlipperKit/FlipperKitNetworkPlugin (0.73.0):
    - FlipperKit/Core
  - FlipperKit/FlipperKitReactPlugin (0.73.0):
    - FlipperKit/Core
  - FlipperKit/FlipperKitUserDefaultsPlugin (0.73.0):
    - FlipperKit/Core
  - FlipperKit/SKIOSNetworkPlugin (0.73.0):
    - FlipperKit/Core
    - FlipperKit/FlipperKitNetworkPlugin
  - fmt (6.2.1)
  - glog (0.3.5)
  - GoogleAppMeasurement/WithoutAdIdSupport (10.7.0):
    - GoogleUtilities/AppDelegateSwizzler (~> 7.8)
    - GoogleUtilities/MethodSwizzler (~> 7.8)
    - GoogleUtilities/Network (~> 7.8)
    - "GoogleUtilities/NSData+zlib (~> 7.8)"
    - nanopb (< 2.30910.0, >= 2.30908.0)
  - GoogleDataTransport (9.2.3):
    - GoogleUtilities/Environment (~> 7.7)
    - nanopb (< 2.30910.0, >= 2.30908.0)
    - PromisesObjC (< 3.0, >= 1.2)
  - GoogleSignIn (6.2.4):
    - AppAuth (~> 1.5)
    - GTMAppAuth (~> 1.3)
    - GTMSessionFetcher/Core (< 3.0, >= 1.1)
  - GoogleUtilities (7.11.1):
    - GoogleUtilities/AppDelegateSwizzler (= 7.11.1)
    - GoogleUtilities/Environment (= 7.11.1)
    - GoogleUtilities/ISASwizzler (= 7.11.1)
    - GoogleUtilities/Logger (= 7.11.1)
    - GoogleUtilities/MethodSwizzler (= 7.11.1)
    - GoogleUtilities/Network (= 7.11.1)
    - "GoogleUtilities/NSData+zlib (= 7.11.1)"
    - GoogleUtilities/Reachability (= 7.11.1)
    - GoogleUtilities/SwizzlerTestHelpers (= 7.11.1)
    - GoogleUtilities/UserDefaults (= 7.11.1)
  - GoogleUtilities/AppDelegateSwizzler (7.11.1):
    - GoogleUtilities/Environment
    - GoogleUtilities/Logger
    - GoogleUtilities/Network
  - GoogleUtilities/Environment (7.11.1):
    - PromisesObjC (< 3.0, >= 1.2)
  - GoogleUtilities/ISASwizzler (7.11.1)
  - GoogleUtilities/Logger (7.11.1):
    - GoogleUtilities/Environment
  - GoogleUtilities/MethodSwizzler (7.11.1):
    - GoogleUtilities/Logger
  - GoogleUtilities/Network (7.11.1):
    - GoogleUtilities/Logger
    - "GoogleUtilities/NSData+zlib"
    - GoogleUtilities/Reachability
  - "GoogleUtilities/NSData+zlib (7.11.1)"
  - GoogleUtilities/Reachability (7.11.1):
    - GoogleUtilities/Logger
  - GoogleUtilities/SwizzlerTestHelpers (7.11.1):
    - GoogleUtilities/MethodSwizzler
  - GoogleUtilities/UserDefaults (7.11.1):
    - GoogleUtilities/Logger
  - GTMAppAuth (1.3.1):
    - AppAuth/Core (~> 1.6)
    - GTMSessionFetcher/Core (< 3.0, >= 1.5)
  - GTMSessionFetcher/Core (2.3.0)
  - HeimdallrNative (0.1.0):
    - React-Core
  - hermes-engine (0.71.7):
    - hermes-engine/Pre-built (= 0.71.7)
  - hermes-engine/Pre-built (0.71.7)
  - JWT (3.0.0-beta.14):
    - Base64 (~> 1.1.2)
  - libevent (2.1.12)
  - nanopb (2.30909.0):
    - nanopb/decode (= 2.30909.0)
    - nanopb/encode (= 2.30909.0)
  - nanopb/decode (2.30909.0)
  - nanopb/encode (2.30909.0)
  - OpenSSL-Universal (1.0.2.20):
    - OpenSSL-Universal/Static (= 1.0.2.20)
  - OpenSSL-Universal/Static (1.0.2.20)
  - Picker (4.3.7):
    - Picker/Core (= 4.3.7)
  - Picker/Core (4.3.7):
    - React
  - PromisesObjC (2.2.0)
  - PromisesSwift (2.2.0):
    - PromisesObjC (= 2.2.0)
  - RCT-Folly (2021.07.22.00):
    - boost
    - DoubleConversion
    - fmt (~> 6.2.1)
    - glog
    - RCT-Folly/Default (= 2021.07.22.00)
  - RCT-Folly/Default (2021.07.22.00):
    - boost
    - DoubleConversion
    - fmt (~> 6.2.1)
    - glog
  - RCT-Folly/Futures (2021.07.22.00):
    - boost
    - DoubleConversion
    - fmt (~> 6.2.1)
    - glog
    - libevent
  - RCTRequired (0.71.7)
  - RCTTypeSafety (0.71.7):
    - FBLazyVector (= 0.71.7)
    - RCTRequired (= 0.71.7)
    - React-Core (= 0.71.7)
  - React (0.71.7):
    - React-Core (= 0.71.7)
    - React-Core/DevSupport (= 0.71.7)
    - React-Core/RCTWebSocket (= 0.71.7)
    - React-RCTActionSheet (= 0.71.7)
    - React-RCTAnimation (= 0.71.7)
    - React-RCTBlob (= 0.71.7)
    - React-RCTImage (= 0.71.7)
    - React-RCTLinking (= 0.71.7)
    - React-RCTNetwork (= 0.71.7)
    - React-RCTSettings (= 0.71.7)
    - React-RCTText (= 0.71.7)
    - React-RCTVibration (= 0.71.7)
  - React-callinvoker (0.71.7)
  - React-Codegen (0.71.7):
    - FBReactNativeSpec
    - hermes-engine
    - RCT-Folly
    - RCTRequired
    - RCTTypeSafety
    - React-Core
    - React-jsi
    - React-jsiexecutor
    - ReactCommon/turbomodule/bridging
    - ReactCommon/turbomodule/core
  - React-Core (0.71.7):
    - glog
    - hermes-engine
    - RCT-Folly (= 2021.07.22.00)
    - React-Core/Default (= 0.71.7)
    - React-cxxreact (= 0.71.7)
    - React-hermes
    - React-jsi (= 0.71.7)
    - React-jsiexecutor (= 0.71.7)
    - React-perflogger (= 0.71.7)
    - Yoga
  - React-Core/CoreModulesHeaders (0.71.7):
    - glog
    - hermes-engine
    - RCT-Folly (= 2021.07.22.00)
    - React-Core/Default
    - React-cxxreact (= 0.71.7)
    - React-hermes
    - React-jsi (= 0.71.7)
    - React-jsiexecutor (= 0.71.7)
    - React-perflogger (= 0.71.7)
    - Yoga
  - React-Core/Default (0.71.7):
    - glog
    - hermes-engine
    - RCT-Folly (= 2021.07.22.00)
    - React-cxxreact (= 0.71.7)
    - React-hermes
    - React-jsi (= 0.71.7)
    - React-jsiexecutor (= 0.71.7)
    - React-perflogger (= 0.71.7)
    - Yoga
  - React-Core/DevSupport (0.71.7):
    - glog
    - hermes-engine
    - RCT-Folly (= 2021.07.22.00)
    - React-Core/Default (= 0.71.7)
    - React-Core/RCTWebSocket (= 0.71.7)
    - React-cxxreact (= 0.71.7)
    - React-hermes
    - React-jsi (= 0.71.7)
    - React-jsiexecutor (= 0.71.7)
    - React-jsinspector (= 0.71.7)
    - React-perflogger (= 0.71.7)
    - Yoga
  - React-Core/RCTActionSheetHeaders (0.71.7):
    - glog
    - hermes-engine
    - RCT-Folly (= 2021.07.22.00)
    - React-Core/Default
    - React-cxxreact (= 0.71.7)
    - React-hermes
    - React-jsi (= 0.71.7)
    - React-jsiexecutor (= 0.71.7)
    - React-perflogger (= 0.71.7)
    - Yoga
  - React-Core/RCTAnimationHeaders (0.71.7):
    - glog
    - hermes-engine
    - RCT-Folly (= 2021.07.22.00)
    - React-Core/Default
    - React-cxxreact (= 0.71.7)
    - React-hermes
    - React-jsi (= 0.71.7)
    - React-jsiexecutor (= 0.71.7)
    - React-perflogger (= 0.71.7)
    - Yoga
  - React-Core/RCTBlobHeaders (0.71.7):
    - glog
    - hermes-engine
    - RCT-Folly (= 2021.07.22.00)
    - React-Core/Default
    - React-cxxreact (= 0.71.7)
    - React-hermes
    - React-jsi (= 0.71.7)
    - React-jsiexecutor (= 0.71.7)
    - React-perflogger (= 0.71.7)
    - Yoga
  - React-Core/RCTImageHeaders (0.71.7):
    - glog
    - hermes-engine
    - RCT-Folly (= 2021.07.22.00)
    - React-Core/Default
    - React-cxxreact (= 0.71.7)
    - React-hermes
    - React-jsi (= 0.71.7)
    - React-jsiexecutor (= 0.71.7)
    - React-perflogger (= 0.71.7)
    - Yoga
  - React-Core/RCTLinkingHeaders (0.71.7):
    - glog
    - hermes-engine
    - RCT-Folly (= 2021.07.22.00)
    - React-Core/Default
    - React-cxxreact (= 0.71.7)
    - React-hermes
    - React-jsi (= 0.71.7)
    - React-jsiexecutor (= 0.71.7)
    - React-perflogger (= 0.71.7)
    - Yoga
  - React-Core/RCTNetworkHeaders (0.71.7):
    - glog
    - hermes-engine
    - RCT-Folly (= 2021.07.22.00)
    - React-Core/Default
    - React-cxxreact (= 0.71.7)
    - React-hermes
    - React-jsi (= 0.71.7)
    - React-jsiexecutor (= 0.71.7)
    - React-perflogger (= 0.71.7)
    - Yoga
  - React-Core/RCTSettingsHeaders (0.71.7):
    - glog
    - hermes-engine
    - RCT-Folly (= 2021.07.22.00)
    - React-Core/Default
    - React-cxxreact (= 0.71.7)
    - React-hermes
    - React-jsi (= 0.71.7)
    - React-jsiexecutor (= 0.71.7)
    - React-perflogger (= 0.71.7)
    - Yoga
  - React-Core/RCTTextHeaders (0.71.7):
    - glog
    - hermes-engine
    - RCT-Folly (= 2021.07.22.00)
    - React-Core/Default
    - React-cxxreact (= 0.71.7)
    - React-hermes
    - React-jsi (= 0.71.7)
    - React-jsiexecutor (= 0.71.7)
    - React-perflogger (= 0.71.7)
    - Yoga
  - React-Core/RCTVibrationHeaders (0.71.7):
    - glog
    - hermes-engine
    - RCT-Folly (= 2021.07.22.00)
    - React-Core/Default
    - React-cxxreact (= 0.71.7)
    - React-hermes
    - React-jsi (= 0.71.7)
    - React-jsiexecutor (= 0.71.7)
    - React-perflogger (= 0.71.7)
    - Yoga
  - React-Core/RCTWebSocket (0.71.7):
    - glog
    - hermes-engine
    - RCT-Folly (= 2021.07.22.00)
    - React-Core/Default (= 0.71.7)
    - React-cxxreact (= 0.71.7)
    - React-hermes
    - React-jsi (= 0.71.7)
    - React-jsiexecutor (= 0.71.7)
    - React-perflogger (= 0.71.7)
    - Yoga
  - React-CoreModules (0.71.7):
    - RCT-Folly (= 2021.07.22.00)
    - RCTTypeSafety (= 0.71.7)
    - React-Codegen (= 0.71.7)
    - React-Core/CoreModulesHeaders (= 0.71.7)
    - React-jsi (= 0.71.7)
    - React-RCTBlob
    - React-RCTImage (= 0.71.7)
    - ReactCommon/turbomodule/core (= 0.71.7)
  - React-cxxreact (0.71.7):
    - boost (= 1.76.0)
    - DoubleConversion
    - glog
    - hermes-engine
    - RCT-Folly (= 2021.07.22.00)
    - React-callinvoker (= 0.71.7)
    - React-jsi (= 0.71.7)
    - React-jsinspector (= 0.71.7)
    - React-logger (= 0.71.7)
    - React-perflogger (= 0.71.7)
    - React-runtimeexecutor (= 0.71.7)
  - React-hermes (0.71.7):
    - DoubleConversion
    - glog
    - hermes-engine
    - RCT-Folly (= 2021.07.22.00)
    - RCT-Folly/Futures (= 2021.07.22.00)
    - React-cxxreact (= 0.71.7)
    - React-jsi
    - React-jsiexecutor (= 0.71.7)
    - React-jsinspector (= 0.71.7)
    - React-perflogger (= 0.71.7)
  - React-jsi (0.71.7):
    - boost (= 1.76.0)
    - DoubleConversion
    - glog
    - hermes-engine
    - RCT-Folly (= 2021.07.22.00)
  - React-jsiexecutor (0.71.7):
    - DoubleConversion
    - glog
    - hermes-engine
    - RCT-Folly (= 2021.07.22.00)
    - React-cxxreact (= 0.71.7)
    - React-jsi (= 0.71.7)
    - React-perflogger (= 0.71.7)
  - React-jsinspector (0.71.7)
  - React-logger (0.71.7):
    - glog
  - react-native-appsflyer (6.10.2):
    - AppsFlyerFramework/Strict (= 6.10.1)
    - React
  - react-native-background-timer (2.4.1):
    - React-Core
  - react-native-branch (5.8.0):
    - BranchSDK (= 2.1.0)
    - React-Core
  - react-native-camera (3.43.0):
    - React-Core
    - react-native-camera/RCT (= 3.43.0)
    - react-native-camera/RN (= 3.43.0)
  - react-native-camera/RCT (3.43.0):
    - React-Core
  - react-native-camera/RN (3.43.0):
    - React-Core
  - react-native-config (1.5.0):
    - react-native-config/App (= 1.5.0)
  - react-native-config/App (1.5.0):
    - React-Core
  - react-native-device-brightness (1.2.7):
    - React
  - react-native-fbsdk-next (11.2.1):
    - React-Core
    - react-native-fbsdk-next/Core (= 11.2.1)
    - react-native-fbsdk-next/Login (= 11.2.1)
    - react-native-fbsdk-next/Share (= 11.2.1)
  - react-native-fbsdk-next/Core (11.2.1):
    - FBSDKCoreKit (~> 15.0.0)
    - React-Core
  - react-native-fbsdk-next/Login (11.2.1):
    - FBSDKLoginKit (~> 15.0.0)
    - React-Core
  - react-native-fbsdk-next/Share (11.2.1):
    - FBSDKGamingServicesKit (~> 15.0.0)
    - FBSDKShareKit (~> 15.0.0)
    - React-Core
  - react-native-get-random-values (1.8.0):
    - React-Core
  - react-native-netinfo (9.3.9):
    - React-Core
  - react-native-pjsip (2.8.0):
    - React
  - react-native-safe-area-context (4.5.1):
    - RCT-Folly
    - RCTRequired
    - RCTTypeSafety
    - React-Core
    - ReactCommon/turbomodule/core
  - react-native-splash-screen (3.3.0):
    - React-Core
  - react-native-webview (12.0.2):
    - React-Core
  - React-perflogger (0.71.7)
  - React-RCTActionSheet (0.71.7):
    - React-Core/RCTActionSheetHeaders (= 0.71.7)
  - React-RCTAnimation (0.71.7):
    - RCT-Folly (= 2021.07.22.00)
    - RCTTypeSafety (= 0.71.7)
    - React-Codegen (= 0.71.7)
    - React-Core/RCTAnimationHeaders (= 0.71.7)
    - React-jsi (= 0.71.7)
    - ReactCommon/turbomodule/core (= 0.71.7)
  - React-RCTAppDelegate (0.71.7):
    - RCT-Folly
    - RCTRequired
    - RCTTypeSafety
    - React-Core
    - ReactCommon/turbomodule/core
  - React-RCTBlob (0.71.7):
    - hermes-engine
    - RCT-Folly (= 2021.07.22.00)
    - React-Codegen (= 0.71.7)
    - React-Core/RCTBlobHeaders (= 0.71.7)
    - React-Core/RCTWebSocket (= 0.71.7)
    - React-jsi (= 0.71.7)
    - React-RCTNetwork (= 0.71.7)
    - ReactCommon/turbomodule/core (= 0.71.7)
  - React-RCTImage (0.71.7):
    - RCT-Folly (= 2021.07.22.00)
    - RCTTypeSafety (= 0.71.7)
    - React-Codegen (= 0.71.7)
    - React-Core/RCTImageHeaders (= 0.71.7)
    - React-jsi (= 0.71.7)
    - React-RCTNetwork (= 0.71.7)
    - ReactCommon/turbomodule/core (= 0.71.7)
  - React-RCTLinking (0.71.7):
    - React-Codegen (= 0.71.7)
    - React-Core/RCTLinkingHeaders (= 0.71.7)
    - React-jsi (= 0.71.7)
    - ReactCommon/turbomodule/core (= 0.71.7)
  - React-RCTNetwork (0.71.7):
    - RCT-Folly (= 2021.07.22.00)
    - RCTTypeSafety (= 0.71.7)
    - React-Codegen (= 0.71.7)
    - React-Core/RCTNetworkHeaders (= 0.71.7)
    - React-jsi (= 0.71.7)
    - ReactCommon/turbomodule/core (= 0.71.7)
  - React-RCTSettings (0.71.7):
    - RCT-Folly (= 2021.07.22.00)
    - RCTTypeSafety (= 0.71.7)
    - React-Codegen (= 0.71.7)
    - React-Core/RCTSettingsHeaders (= 0.71.7)
    - React-jsi (= 0.71.7)
    - ReactCommon/turbomodule/core (= 0.71.7)
  - React-RCTText (0.71.7):
    - React-Core/RCTTextHeaders (= 0.71.7)
  - React-RCTVibration (0.71.7):
    - RCT-Folly (= 2021.07.22.00)
    - React-Codegen (= 0.71.7)
    - React-Core/RCTVibrationHeaders (= 0.71.7)
    - React-jsi (= 0.71.7)
    - ReactCommon/turbomodule/core (= 0.71.7)
  - React-runtimeexecutor (0.71.7):
    - React-jsi (= 0.71.7)
  - ReactCommon/turbomodule/bridging (0.71.7):
    - DoubleConversion
    - glog
    - hermes-engine
    - RCT-Folly (= 2021.07.22.00)
    - React-callinvoker (= 0.71.7)
    - React-Core (= 0.71.7)
    - React-cxxreact (= 0.71.7)
    - React-jsi (= 0.71.7)
    - React-logger (= 0.71.7)
    - React-perflogger (= 0.71.7)
  - ReactCommon/turbomodule/core (0.71.7):
    - DoubleConversion
    - glog
    - hermes-engine
    - RCT-Folly (= 2021.07.22.00)
    - React-callinvoker (= 0.71.7)
    - React-Core (= 0.71.7)
    - React-cxxreact (= 0.71.7)
    - React-jsi (= 0.71.7)
    - React-logger (= 0.71.7)
    - React-perflogger (= 0.71.7)
  - RNAppleAuthentication (2.2.2):
    - React-Core
  - RNCallKeep (4.1.0):
    - React
  - RNCAsyncStorage (1.18.1):
    - React-Core
  - RNCClipboard (1.11.2):
    - React-Core
  - RNCMaskedView (0.1.10):
    - React
  - RNCPushNotificationIOS (1.8.0):
    - React-Core
  - RNDateTimePicker (7.0.1):
    - React-Core
  - RNDeviceInfo (10.6.0):
    - React-Core
  - RNFBAnalytics (17.4.2):
    - Firebase/AnalyticsWithoutAdIdSupport (= 10.7.0)
    - React-Core
    - RNFBApp
  - RNFBApp (17.4.2):
    - Firebase/CoreOnly (= 10.7.0)
    - React-Core
  - RNFBCrashlytics (17.4.2):
    - Firebase/Crashlytics (= 10.7.0)
    - FirebaseCoreExtension (= 10.7.0)
    - React-Core
    - RNFBApp
  - RNFBMessaging (17.4.2):
    - Firebase/Messaging (= 10.7.0)
    - FirebaseCoreExtension (= 10.7.0)
    - React-Core
    - RNFBApp
  - RNFS (2.20.0):
    - React-Core
  - RNGestureHandler (1.9.0):
    - React-Core
  - RNGoogleSignin (9.0.2):
    - GoogleSignIn (~> 6.2)
    - React-Core
  - RNIap (12.10.5):
    - React-Core
  - RNImageMarker (0.6.3):
    - React
  - RNLocalize (2.2.6):
    - React-Core
  - RNPermissions (3.8.0):
    - React-Core
  - RNReanimated (2.16.0):
    - DoubleConversion
    - FBLazyVector
    - FBReactNativeSpec
    - glog
    - RCT-Folly
    - RCTRequired
    - RCTTypeSafety
    - React-callinvoker
    - React-Core
    - React-Core/DevSupport
    - React-Core/RCTWebSocket
    - React-CoreModules
    - React-cxxreact
    - React-jsi
    - React-jsiexecutor
    - React-jsinspector
    - React-RCTActionSheet
    - React-RCTAnimation
    - React-RCTBlob
    - React-RCTImage
    - React-RCTLinking
    - React-RCTNetwork
    - React-RCTSettings
    - React-RCTText
    - ReactCommon/turbomodule/core
    - Yoga
  - RNScreens (2.16.1):
    - React-Core
  - RNSVG (13.9.0):
    - React-Core
  - RNVectorIcons (9.2.0):
    - React-Core
  - RNVoipPushNotification (3.1.0):
    - React-Core
  - SSZipArchive (2.2.3)
  - Yoga (1.14.0)
  - YogaKit (1.18.1):
    - Yoga (~> 1.14)

DEPENDENCIES:
  - boost (from `../node_modules/react-native/third-party-podspecs/boost.podspec`)
  - BVLinearGradient (from `../node_modules/react-native-linear-gradient`)
  - CodePush (from `../node_modules/react-native-code-push`)
  - DoubleConversion (from `../node_modules/react-native/third-party-podspecs/DoubleConversion.podspec`)
  - FBLazyVector (from `../node_modules/react-native/Libraries/FBLazyVector`)
  - FBReactNativeSpec (from `../node_modules/react-native/React/FBReactNativeSpec`)
  - FirebaseCore
  - FirebaseCoreExtension
  - FirebaseInstallations
  - Flipper (= 0.73.0)
  - Flipper-Boost-iOSX (= 1.76.0.1.11)
  - Flipper-DoubleConversion (= 3.2.0.1)
  - Flipper-Fmt (= 7.1.7)
  - Flipper-Folly (= 2.3.0)
  - Flipper-Glog (= 0.5.0.5)
  - Flipper-PeerTalk (= 0.0.4)
  - Flipper-RSocket (= 1.1.1)
  - FlipperKit (= 0.73.0)
  - FlipperKit/Core (= 0.73.0)
  - FlipperKit/CppBridge (= 0.73.0)
  - FlipperKit/FBCxxFollyDynamicConvert (= 0.73.0)
  - FlipperKit/FBDefines (= 0.73.0)
  - FlipperKit/FKPortForwarding (= 0.73.0)
  - FlipperKit/FlipperKitHighlightOverlay (= 0.73.0)
  - FlipperKit/FlipperKitLayoutPlugin (= 0.73.0)
  - FlipperKit/FlipperKitLayoutTextSearchable (= 0.73.0)
  - FlipperKit/FlipperKitNetworkPlugin (= 0.73.0)
  - FlipperKit/FlipperKitReactPlugin (= 0.73.0)
  - FlipperKit/FlipperKitUserDefaultsPlugin (= 0.73.0)
  - FlipperKit/SKIOSNetworkPlugin (= 0.73.0)
  - glog (from `../node_modules/react-native/third-party-podspecs/glog.podspec`)
  - GoogleDataTransport
  - GoogleUtilities
  - "HeimdallrNative (from `../node_modules/@heimdallr-native-esim`)"
  - hermes-engine (from `../node_modules/react-native/sdks/hermes-engine/hermes-engine.podspec`)
  - libevent (~> 2.1.12)
  - nanopb
  - OpenSSL-Universal (= 1.0.2.20)
  - Picker (from `../node_modules/react-native-picker`)
  - RCT-Folly (from `../node_modules/react-native/third-party-podspecs/RCT-Folly.podspec`)
  - RCTRequired (from `../node_modules/react-native/Libraries/RCTRequired`)
  - RCTTypeSafety (from `../node_modules/react-native/Libraries/TypeSafety`)
  - React (from `../node_modules/react-native/`)
  - React-callinvoker (from `../node_modules/react-native/ReactCommon/callinvoker`)
  - React-Codegen (from `build/generated/ios`)
  - React-Core (from `../node_modules/react-native/`)
  - React-Core/DevSupport (from `../node_modules/react-native/`)
  - React-Core/RCTWebSocket (from `../node_modules/react-native/`)
  - React-CoreModules (from `../node_modules/react-native/React/CoreModules`)
  - React-cxxreact (from `../node_modules/react-native/ReactCommon/cxxreact`)
  - React-hermes (from `../node_modules/react-native/ReactCommon/hermes`)
  - React-jsi (from `../node_modules/react-native/ReactCommon/jsi`)
  - React-jsiexecutor (from `../node_modules/react-native/ReactCommon/jsiexecutor`)
  - React-jsinspector (from `../node_modules/react-native/ReactCommon/jsinspector`)
  - React-logger (from `../node_modules/react-native/ReactCommon/logger`)
  - react-native-appsflyer (from `../node_modules/react-native-appsflyer`)
  - react-native-background-timer (from `../node_modules/react-native-background-timer`)
  - react-native-branch (from `../node_modules/react-native-branch`)
  - react-native-camera (from `../node_modules/react-native-camera`)
  - react-native-config (from `../node_modules/react-native-config`)
  - "react-native-device-brightness (from `../node_modules/@adrianso/react-native-device-brightness`)"
  - react-native-fbsdk-next (from `../node_modules/react-native-fbsdk-next`)
  - react-native-get-random-values (from `../node_modules/react-native-get-random-values`)
  - "react-native-netinfo (from `../node_modules/@react-native-community/netinfo`)"
  - react-native-pjsip (from `../node_modules/react-native-pjsip`)
  - react-native-safe-area-context (from `../node_modules/react-native-safe-area-context`)
  - react-native-splash-screen (from `../node_modules/react-native-splash-screen`)
  - react-native-webview (from `../node_modules/react-native-webview`)
  - React-perflogger (from `../node_modules/react-native/ReactCommon/reactperflogger`)
  - React-RCTActionSheet (from `../node_modules/react-native/Libraries/ActionSheetIOS`)
  - React-RCTAnimation (from `../node_modules/react-native/Libraries/NativeAnimation`)
  - React-RCTAppDelegate (from `../node_modules/react-native/Libraries/AppDelegate`)
  - React-RCTBlob (from `../node_modules/react-native/Libraries/Blob`)
  - React-RCTImage (from `../node_modules/react-native/Libraries/Image`)
  - React-RCTLinking (from `../node_modules/react-native/Libraries/LinkingIOS`)
  - React-RCTNetwork (from `../node_modules/react-native/Libraries/Network`)
  - React-RCTSettings (from `../node_modules/react-native/Libraries/Settings`)
  - React-RCTText (from `../node_modules/react-native/Libraries/Text`)
  - React-RCTVibration (from `../node_modules/react-native/Libraries/Vibration`)
  - React-runtimeexecutor (from `../node_modules/react-native/ReactCommon/runtimeexecutor`)
  - ReactCommon/turbomodule/core (from `../node_modules/react-native/ReactCommon`)
  - "RNAppleAuthentication (from `../node_modules/@invertase/react-native-apple-authentication`)"
  - RNCallKeep (from `../node_modules/react-native-callkeep`)
  - "RNCAsyncStorage (from `../node_modules/@react-native-async-storage/async-storage`)"
  - "RNCClipboard (from `../node_modules/@react-native-clipboard/clipboard`)"
  - "RNCMaskedView (from `../node_modules/@react-native-community/masked-view`)"
  - "RNCPushNotificationIOS (from `../node_modules/@react-native-community/push-notification-ios`)"
  - "RNDateTimePicker (from `../node_modules/@react-native-community/datetimepicker`)"
  - RNDeviceInfo (from `../node_modules/react-native-device-info`)
  - "RNFBAnalytics (from `../node_modules/@react-native-firebase/analytics`)"
  - "RNFBApp (from `../node_modules/@react-native-firebase/app`)"
  - "RNFBCrashlytics (from `../node_modules/@react-native-firebase/crashlytics`)"
  - "RNFBMessaging (from `../node_modules/@react-native-firebase/messaging`)"
  - RNFS (from `../node_modules/react-native-fs`)
  - RNGestureHandler (from `../node_modules/react-native-gesture-handler`)
  - "RNGoogleSignin (from `../node_modules/@react-native-google-signin/google-signin`)"
  - RNIap (from `../node_modules/react-native-iap`)
  - RNImageMarker (from `../node_modules/react-native-image-marker`)
  - RNLocalize (from `../node_modules/react-native-localize`)
  - RNPermissions (from `../node_modules/react-native-permissions`)
  - RNReanimated (from `../node_modules/react-native-reanimated`)
  - RNScreens (from `../node_modules/react-native-screens`)
  - RNSVG (from `../node_modules/react-native-svg`)
  - RNVectorIcons (from `../node_modules/react-native-vector-icons`)
  - RNVoipPushNotification (from `../node_modules/react-native-voip-push-notification`)
  - Yoga (from `../node_modules/react-native/ReactCommon/yoga`)

SPEC REPOS:
  trunk:
    - AppAuth
    - AppsFlyerFramework
    - Base64
    - boost-for-react-native
    - BranchSDK
    - CocoaAsyncSocket
    - CocoaLibEvent
    - FBAEMKit
    - FBSDKCoreKit
    - FBSDKCoreKit_Basics
    - FBSDKGamingServicesKit
    - FBSDKLoginKit
    - FBSDKShareKit
    - Firebase
    - FirebaseAnalytics
    - FirebaseCore
    - FirebaseCoreExtension
    - FirebaseCoreInternal
    - FirebaseCrashlytics
    - FirebaseInstallations
    - FirebaseMessaging
    - FirebaseSessions
    - Flipper
    - Flipper-Boost-iOSX
    - Flipper-DoubleConversion
    - Flipper-Fmt
    - Flipper-Folly
    - Flipper-Glog
    - Flipper-PeerTalk
    - Flipper-RSocket
    - FlipperKit
    - fmt
    - GoogleAppMeasurement
    - GoogleDataTransport
    - GoogleSignIn
    - GoogleUtilities
    - GTMAppAuth
    - GTMSessionFetcher
    - JWT
    - libevent
    - nanopb
    - OpenSSL-Universal
    - PromisesObjC
    - PromisesSwift
    - SSZipArchive
    - YogaKit

EXTERNAL SOURCES:
  boost:
    :podspec: "../node_modules/react-native/third-party-podspecs/boost.podspec"
  BVLinearGradient:
    :path: "../node_modules/react-native-linear-gradient"
  CodePush:
    :path: "../node_modules/react-native-code-push"
  DoubleConversion:
    :podspec: "../node_modules/react-native/third-party-podspecs/DoubleConversion.podspec"
  FBLazyVector:
    :path: "../node_modules/react-native/Libraries/FBLazyVector"
  FBReactNativeSpec:
    :path: "../node_modules/react-native/React/FBReactNativeSpec"
  glog:
    :podspec: "../node_modules/react-native/third-party-podspecs/glog.podspec"
  HeimdallrNative:
    :path: "../node_modules/@heimdallr-native-esim"
  hermes-engine:
    :podspec: "../node_modules/react-native/sdks/hermes-engine/hermes-engine.podspec"
  Picker:
    :path: "../node_modules/react-native-picker"
  RCT-Folly:
    :podspec: "../node_modules/react-native/third-party-podspecs/RCT-Folly.podspec"
  RCTRequired:
    :path: "../node_modules/react-native/Libraries/RCTRequired"
  RCTTypeSafety:
    :path: "../node_modules/react-native/Libraries/TypeSafety"
  React:
    :path: "../node_modules/react-native/"
  React-callinvoker:
    :path: "../node_modules/react-native/ReactCommon/callinvoker"
  React-Codegen:
    :path: build/generated/ios
  React-Core:
    :path: "../node_modules/react-native/"
  React-CoreModules:
    :path: "../node_modules/react-native/React/CoreModules"
  React-cxxreact:
    :path: "../node_modules/react-native/ReactCommon/cxxreact"
  React-hermes:
    :path: "../node_modules/react-native/ReactCommon/hermes"
  React-jsi:
    :path: "../node_modules/react-native/ReactCommon/jsi"
  React-jsiexecutor:
    :path: "../node_modules/react-native/ReactCommon/jsiexecutor"
  React-jsinspector:
    :path: "../node_modules/react-native/ReactCommon/jsinspector"
  React-logger:
    :path: "../node_modules/react-native/ReactCommon/logger"
  react-native-appsflyer:
    :path: "../node_modules/react-native-appsflyer"
  react-native-background-timer:
    :path: "../node_modules/react-native-background-timer"
  react-native-branch:
    :path: "../node_modules/react-native-branch"
  react-native-camera:
    :path: "../node_modules/react-native-camera"
  react-native-config:
    :path: "../node_modules/react-native-config"
  react-native-device-brightness:
    :path: "../node_modules/@adrianso/react-native-device-brightness"
  react-native-fbsdk-next:
    :path: "../node_modules/react-native-fbsdk-next"
  react-native-get-random-values:
    :path: "../node_modules/react-native-get-random-values"
  react-native-netinfo:
    :path: "../node_modules/@react-native-community/netinfo"
  react-native-pjsip:
    :path: "../node_modules/react-native-pjsip"
  react-native-safe-area-context:
    :path: "../node_modules/react-native-safe-area-context"
  react-native-splash-screen:
    :path: "../node_modules/react-native-splash-screen"
  react-native-webview:
    :path: "../node_modules/react-native-webview"
  React-perflogger:
    :path: "../node_modules/react-native/ReactCommon/reactperflogger"
  React-RCTActionSheet:
    :path: "../node_modules/react-native/Libraries/ActionSheetIOS"
  React-RCTAnimation:
    :path: "../node_modules/react-native/Libraries/NativeAnimation"
  React-RCTAppDelegate:
    :path: "../node_modules/react-native/Libraries/AppDelegate"
  React-RCTBlob:
    :path: "../node_modules/react-native/Libraries/Blob"
  React-RCTImage:
    :path: "../node_modules/react-native/Libraries/Image"
  React-RCTLinking:
    :path: "../node_modules/react-native/Libraries/LinkingIOS"
  React-RCTNetwork:
    :path: "../node_modules/react-native/Libraries/Network"
  React-RCTSettings:
    :path: "../node_modules/react-native/Libraries/Settings"
  React-RCTText:
    :path: "../node_modules/react-native/Libraries/Text"
  React-RCTVibration:
    :path: "../node_modules/react-native/Libraries/Vibration"
  React-runtimeexecutor:
    :path: "../node_modules/react-native/ReactCommon/runtimeexecutor"
  ReactCommon:
    :path: "../node_modules/react-native/ReactCommon"
  RNAppleAuthentication:
    :path: "../node_modules/@invertase/react-native-apple-authentication"
  RNCallKeep:
    :path: "../node_modules/react-native-callkeep"
  RNCAsyncStorage:
    :path: "../node_modules/@react-native-async-storage/async-storage"
  RNCClipboard:
    :path: "../node_modules/@react-native-clipboard/clipboard"
  RNCMaskedView:
    :path: "../node_modules/@react-native-community/masked-view"
  RNCPushNotificationIOS:
    :path: "../node_modules/@react-native-community/push-notification-ios"
  RNDateTimePicker:
    :path: "../node_modules/@react-native-community/datetimepicker"
  RNDeviceInfo:
    :path: "../node_modules/react-native-device-info"
  RNFBAnalytics:
    :path: "../node_modules/@react-native-firebase/analytics"
  RNFBApp:
    :path: "../node_modules/@react-native-firebase/app"
  RNFBCrashlytics:
    :path: "../node_modules/@react-native-firebase/crashlytics"
  RNFBMessaging:
    :path: "../node_modules/@react-native-firebase/messaging"
  RNFS:
    :path: "../node_modules/react-native-fs"
  RNGestureHandler:
    :path: "../node_modules/react-native-gesture-handler"
  RNGoogleSignin:
    :path: "../node_modules/@react-native-google-signin/google-signin"
  RNIap:
    :path: "../node_modules/react-native-iap"
  RNImageMarker:
    :path: "../node_modules/react-native-image-marker"
  RNLocalize:
    :path: "../node_modules/react-native-localize"
  RNPermissions:
    :path: "../node_modules/react-native-permissions"
  RNReanimated:
    :path: "../node_modules/react-native-reanimated"
  RNScreens:
    :path: "../node_modules/react-native-screens"
  RNSVG:
    :path: "../node_modules/react-native-svg"
  RNVectorIcons:
    :path: "../node_modules/react-native-vector-icons"
  RNVoipPushNotification:
    :path: "../node_modules/react-native-voip-push-notification"
  Yoga:
    :path: "../node_modules/react-native/ReactCommon/yoga"

SPEC CHECKSUMS:
  AppAuth: 3bb1d1cd9340bd09f5ed189fb00b1cc28e1e8570
  AppsFlyerFramework: 88a6eed37ad52bcee4ad74232efa8e22809d06c9
  Base64: cecfb41a004124895a7bcee567a89bae5a89d49b
  boost: 57d2868c099736d80fcd648bf211b4431e51a558
  boost-for-react-native: 39c7adb57c4e60d6c5479dd8623128eb5b3f0f2c
  BranchSDK: ce28650272c658fcdb66675769e670ef83845d17
  BVLinearGradient: 34a999fda29036898a09c6a6b728b0b4189e1a44
  CocoaAsyncSocket: 065fd1e645c7abab64f7a6a2007a48038fdc6a99
  CocoaLibEvent: 2fab71b8bd46dd33ddb959f7928ec5909f838e3f
  CodePush: aa3cc7e07b4e9396ab2e5d7dbbf317037cba6ff4
  DoubleConversion: 5189b271737e1565bdce30deb4a08d647e3f5f54
  FBAEMKit: d8312d8451ead46282adc7f3565ffc4965e3a4a7
  FBLazyVector: a89a0525bc7ca174675045c2b492b5280d5a2470
  FBReactNativeSpec: 01790400bc2005c57affa8911f902515dec340ed
  FBSDKCoreKit: 81879058dd06208c0820fc713d054ca54903e8ba
  FBSDKCoreKit_Basics: eebc9bb69a0e5d133b92dca53a20716227faa454
  FBSDKGamingServicesKit: e0766514d64d26a9f846e793c0a44bc4a236723b
  FBSDKLoginKit: 11995469cd7da16fd4d5245e8d2ec61060479270
  FBSDKShareKit: 9501792c3024580809f811a8a549868699d9bd32
  Firebase: 0219acf760880eeec8ce479895bd7767466d9f81
  FirebaseAnalytics: f8133442ee6f8512e28ff19e62ce15398bfaeace
  FirebaseCore: e317665b9d744727a97e623edbbed009320afdd7
  FirebaseCoreExtension: f17247ba8c61e4d3c8d136b5e2de3cb4ac6a85b6
  FirebaseCoreInternal: 971029061d326000d65bfdc21f5502c75c8b0893
  FirebaseCrashlytics: 35fdd1a433b31e28adcf5c8933f4c526691a1e0b
  FirebaseInstallations: 52153982b057d3afcb4e1fbb3eb0b6d00611e681
  FirebaseMessaging: ac9062bcc35ed56e15a0241d8fd317022499baf8
  FirebaseSessions: 5f9e62cd4096e24d2011cbd845b0efceffaee1ec
  Flipper: 48e20395802172f863b54778a5743b9243acc1f4
  Flipper-Boost-iOSX: fd1e2b8cbef7e662a122412d7ac5f5bea715403c
  Flipper-DoubleConversion: 2dc99b02f658daf147069aad9dbd29d8feb06d30
  Flipper-Fmt: 60cbdd92fc254826e61d669a5d87ef7015396a9b
  Flipper-Folly: e4493b013c02d9347d5e0cb4d128680239f6c78a
  Flipper-Glog: 70c50ce58ddaf67dc35180db05f191692570f446
  Flipper-PeerTalk: 116d8f857dc6ef55c7a5a75ea3ceaafe878aadc9
  Flipper-RSocket: a3acb8812d6adf127deb0a5edae2793b97e6b641
  FlipperKit: e2cb951c44da9b58eff31ad1c7463691fc75f3fc
  fmt: ff9d55029c625d3757ed641535fd4a75fedc7ce9
  glog: 04b94705f318337d7ead9e6d17c019bd9b1f6b1b
  GoogleAppMeasurement: fe17c92a32207dd5cdd4e8d742767f2da74857f6
  GoogleDataTransport: f0308f5905a745f94fb91fea9c6cbaf3831cb1bd
  GoogleSignIn: 5651ce3a61e56ca864160e79b484cd9ed3f49b7a
  GoogleUtilities: 9aa0ad5a7bc171f8bae016300bfcfa3fb8425749
  GTMAppAuth: 0ff230db599948a9ad7470ca667337803b3fc4dd
  GTMSessionFetcher: 3a63d75eecd6aa32c2fc79f578064e1214dfdec2
  HeimdallrNative: 913692c7f2a192bf8318ad9c66fe57f0b45b3d1f
  hermes-engine: 4438d2b8bf8bebaba1b1ac0451160bab59e491f8
  JWT: ef71dfb03e1f842081e64dc42eef0e164f35d251
  libevent: 4049cae6c81cdb3654a443be001fb9bdceff7913
  nanopb: b552cce312b6c8484180ef47159bc0f65a1f0431
  OpenSSL-Universal: ff34003318d5e1163e9529b08470708e389ffcdd
  Picker: 37554355aef82a532ea95b71b6eeba66bc86182b
  PromisesObjC: 09985d6d70fbe7878040aa746d78236e6946d2ef
  PromisesSwift: cf9eb58666a43bbe007302226e510b16c1e10959
  RCT-Folly: 424b8c9a7a0b9ab2886ffe9c3b041ef628fd4fb1
  RCTRequired: 5a4a30ac20c86eeadd6844a9328f78d4168cf9b2
  RCTTypeSafety: 279fc5861a89f0f37db3a585f27f971485b4b734
  React: 88307a9be3bd0e71a6822271cf28b84a587fb97f
  React-callinvoker: 35fb980c454104ebe82f0afb9826830089248e08
  React-Codegen: a8dbde3b7476d5c19437d2adb9e8ea1b426b9595
  React-Core: 385cb6fa78762c6409ff39faeb0dd9ad664b6e84
  React-CoreModules: c2b7db313b04d9b71954ffd55d0c2e46bc40e9fb
  React-cxxreact: 845fefb889132e5d004ff818f7a599e32c52e7d6
  React-hermes: 86135f35e1dd2dfccfb97afe96d0c06f6a3970c4
  React-jsi: 39c116aa6c3d6f3d9874eff6998a670b47882a28
  React-jsiexecutor: eaa5f71eb8f6861cf0e57f1a0f52aeb020d9e18e
  React-jsinspector: 9885f6f94d231b95a739ef7bb50536fb87ce7539
  React-logger: 3f8ebad1be1bf3299d1ab6d7f971802d7395c7ef
  react-native-appsflyer: 1698a0afc82d79cda213e7a931eaff4f2c5b84a8
  react-native-background-timer: 17ea5e06803401a379ebf1f20505b793ac44d0fe
  react-native-branch: f50f269fa6d2e1b8025c7fc8ebfe4872678abe53
  react-native-camera: f432fcf1b32b528bbf7c3543d3e3b1deb0c5b72a
  react-native-config: 5330c8258265c1e5fdb8c009d2cabd6badd96727
  react-native-device-brightness: 886cfbfb49a32b6de4ccfc1f720776dc5f381d24
  react-native-fbsdk-next: 5291a5d67aab4e649d072c50988033ff0d05b915
  react-native-get-random-values: a6ea6a8a65dc93e96e24a11105b1a9c8cfe1d72a
  react-native-netinfo: 22c082970cbd99071a4e5aa7a612ac20d66b08f0
  react-native-pjsip: 4076e208cb56cd16616ee323fbff4274355eea32
  react-native-safe-area-context: f5549f36508b1b7497434baa0cd97d7e470920d4
  react-native-splash-screen: 4312f786b13a81b5169ef346d76d33bc0c6dc457
  react-native-webview: 203b6a1c7507737f777c91d7e10c30e7e67c1a17
  React-perflogger: 2d505bbe298e3b7bacdd9e542b15535be07220f6
  React-RCTActionSheet: 0e96e4560bd733c9b37efbf68f5b1a47615892fb
  React-RCTAnimation: fd138e26f120371c87e406745a27535e2c8a04ef
  React-RCTAppDelegate: 4a9fd1230a98dc3d4382f8a934dc9f50834d8335
  React-RCTBlob: 38a7185f06a0ce8153a023e63b406a28d67b955d
  React-RCTImage: 92b0966e7c1cadda889e961c474397ad5180e194
  React-RCTLinking: b80f8d0c6e94c54294b0048def51f57eaa9a27af
  React-RCTNetwork: 491b0c65ac22edbd6695d12d084b4943103b009b
  React-RCTSettings: 97af3e8abe0023349ec015910df3bda1a0380117
  React-RCTText: 33c85753bd714d527d2ae538dc56ec24c6783d84
  React-RCTVibration: 08f132cad9896458776f37c112e71d60aef1c6ae
  React-runtimeexecutor: c5c89f8f543842dd864b63ded1b0bbb9c9445328
  ReactCommon: dbfbe2f7f3c5ce4ce44f43f2fd0d5950d1eb67c5
  RNAppleAuthentication: 0571c08da8c327ae2afc0261b48b4a515b0286a6
  RNCallKeep: df979b93285cd7e70df8687eacb0c9bdf3be28be
  RNCAsyncStorage: b90b71f45b8b97be43bc4284e71a6af48ac9f547
  RNCClipboard: 3f0451a8100393908bea5c5c5b16f96d45f30bfc
  RNCMaskedView: 5a8ec07677aa885546a0d98da336457e2bea557f
  RNCPushNotificationIOS: 61a7c72bd1ebad3568025957d001e0f0e7b32191
  RNDateTimePicker: e073697ac3e8a378968d68ab0581fef542b8af8a
  RNDeviceInfo: 475a4c447168d0ad4c807e48ef5e0963a0f4eb1b
  RNFBAnalytics: ded9b8059b53b55d054ecb308931427281e39d8b
  RNFBApp: 0f6bd7ee155a50f5e68cd68aab2709a4d24bfdff
  RNFBCrashlytics: 4bdee3fc9d2e8e051e68ae97784d2ec7221dd745
  RNFBMessaging: 5d1480ff1fa7fd8dfd5a1a7f0df35c709f75dd4e
  RNFS: 4ac0f0ea233904cb798630b3c077808c06931688
  RNGestureHandler: 9b7e605a741412e20e13c512738a31bd1611759b
  RNGoogleSignin: 22e468a9474dbcb8618d8847205ad4f0b2575d13
  RNIap: c397f49db45af3b10dca64b2325f21bb8078ad21
  RNImageMarker: 76cd113306bcfad2f74f78d83d5accfd50b4434a
  RNLocalize: d4b8af4e442d4bcca54e68fc687a2129b4d71a81
  RNPermissions: 9e2d41644d5e50970a608e7c7afada2a5021d15b
  RNReanimated: 69f74269cd728c5de52b7c32a5b9cbebca10b48d
  RNScreens: 45c457af3d2ee9e08fc01e70da87e653d46b1198
  RNSVG: 53c661b76829783cdaf9b7a57258f3d3b4c28315
  RNVectorIcons: fcc2f6cb32f5735b586e66d14103a74ce6ad61f8
  RNVoipPushNotification: d076a99d761f91cf6042172ec8390b6e4360f9b2
  SSZipArchive: 62d4947b08730e4cda640473b0066d209ff033c9
  Yoga: d56980c8914db0b51692f55533409e844b66133c
  YogaKit: f782866e155069a2cca2517aafea43200b01fd5a

PODFILE CHECKSUM: e15485ade41769edbd74b91a6fd7c52ed23655b6

COCOAPODS: 1.12.1
